#MicroXplorer Configuration settings - do not modify
ADF1.IPParameters=MDF_COMPARAM_ProcClockDivider,MDF_COMPARAM_ActivationOutputClock,MDF_COMPARAM_Divider,MDF_SITF0_Mode_Display,MDF_SITF0_Threshold,MDF_DFLT0_CIC_Mode,MDF_DFLT0_Decimation,MDF_DFLT0_ReshapeFilterActivation,MDF_DFLT0_HighPassFilterActivation,MDF_DFLT0_HighPassCutOffFrequency,MDF_DFLT0_SADActivation,MDF_DFLT0_SADDataMemoryTransfer,MDF_DFLT0_SADMinNoiseLevel,MDF_DFLT0_SADSignalNoiseThreshold,MDF_DFLT0_SADHangoverWindow,MDF_DFLT0_SADHysteresis
ADF1.MDF_COMPARAM_ActivationOutputClock=ENABLE
ADF1.MDF_COMPARAM_Divider=12
ADF1.MDF_COMPARAM_ProcClockDivider=2
ADF1.MDF_DFLT0_CIC_Mode=MDF_ONE_FILTER_SINC5
ADF1.MDF_DFLT0_Decimation=16
ADF1.MDF_DFLT0_HighPassCutOffFrequency=MDF_HPF_CUTOFF_0_0025FPCM
ADF1.MDF_DFLT0_HighPassFilterActivation=ENABLE
ADF1.MDF_DFLT0_ReshapeFilterActivation=ENABLE
ADF1.MDF_DFLT0_SADActivation=ENABLE
ADF1.MDF_DFLT0_SADDataMemoryTransfer=MDF_SAD_MEMORY_TRANSFER_IN_DETECT
ADF1.MDF_DFLT0_SADHangoverWindow=MDF_SAD_HANGOVER_512_FRAMES
ADF1.MDF_DFLT0_SADHysteresis=ENABLE
ADF1.MDF_DFLT0_SADMinNoiseLevel=200
ADF1.MDF_DFLT0_SADSignalNoiseThreshold=MDF_SAD_SIGNAL_NOISE_6DB
ADF1.MDF_SITF0_Mode_Display=MDF_SITF_NORMAL_SPI_MODE
ADF1.MDF_SITF0_Threshold=31
Appli.IPs=GPDMA1\:I,HPDMA1\:I,LINKEDLIST\:I,RCC\:I,GPIO,NVIC2\:I,ADF1,CORTEX_M7_APPLI\:I
Boot.IPs=GPDMA1,HPDMA1,LINKEDLIST,RCC,GPIO,NVIC1\:I,CORTEX_M7_BOOT\:I
CAD.formats=
CAD.pinconfig=
CAD.provider=
CORTEX_M7_APPLI.CPU_DCache=Enabled
CORTEX_M7_APPLI.CPU_ICache=Enabled
CORTEX_M7_APPLI.IPParameters=CPU_ICache,CPU_DCache
ExtMemLoader.IPs=EXTMEM_LOADER\:I,EXTMEM_MANAGER\:I,GPIO
File.Version=6
GPDMA1.CIRCULARMODE_GPDMACH4=ENABLE
GPDMA1.ChannelPRIV_GPDMACH4=DMA_CHANNEL_NPRIV
GPDMA1.DESTDATAWIDTH_GPDMACH4=DMA_DEST_DATAWIDTH_WORD
GPDMA1.DESTINC_GPDMACH4=DMA_DINC_INCREMENTED
GPDMA1.IPHANDLE_GPDMACH4-SIMPLEREQUEST_GPDMACH4=__NULL
GPDMA1.IPParameters=CIRCULARMODE_GPDMACH4,ChannelPRIV_GPDMACH4,IPHANDLE_GPDMACH4-SIMPLEREQUEST_GPDMACH4,REQUEST_GPDMACH4,PRIORITY_LL_CIRCULAR_GPDMACH4,SRCDATAWIDTH_GPDMACH4,DESTINC_GPDMACH4,DESTDATAWIDTH_GPDMACH4,TRANSFERALLOCATEDPORTDEST_GPDMACH4,LINKALLOCATEDPORT_CIRCULAR_GPDMACH4,TRANSFEREVENTMODE_LL_CIRCULAR_GPDMACH4
GPDMA1.LINKALLOCATEDPORT_CIRCULAR_GPDMACH4=DMA_LINK_ALLOCATED_PORT1
GPDMA1.PRIORITY_LL_CIRCULAR_GPDMACH4=DMA_HIGH_PRIORITY
GPDMA1.REQUEST_GPDMACH4=GPDMA1_REQUEST_ADF1_FLT0
GPDMA1.SRCDATAWIDTH_GPDMACH4=DMA_SRC_DATAWIDTH_WORD
GPDMA1.TRANSFERALLOCATEDPORTDEST_GPDMACH4=DMA_DEST_ALLOCATED_PORT1
GPDMA1.TRANSFEREVENTMODE_LL_CIRCULAR_GPDMACH4=DMA_TCEM_BLOCK_TRANSFER
GPIO.groupedBy=Group By Peripherals
KeepUserPlacement=false
Mcu.CPN=STM32H7S7L8H6H
Mcu.Context0=Boot
Mcu.Context1=Appli
Mcu.Context2=ExtMemLoader
Mcu.ContextNb=3
Mcu.Family=STM32H7
Mcu.IP0=ADF1
Mcu.IP1=CORTEX_M7_APPLI
Mcu.IP2=CORTEX_M7_BOOT
Mcu.IP3=GPDMA1
Mcu.IP4=NVIC2
Mcu.IP5=NVIC1
Mcu.IP6=RCC
Mcu.IPNb=7
Mcu.Name=STM32H7S7L8HxH
Mcu.Package=TFBGA225 HEXA SMPS
Mcu.Pin0=PE2
Mcu.Pin1=PD6
Mcu.Pin2=VP_GPDMA1_VS_GPDMACH4
Mcu.PinsNb=3
Mcu.ThirdPartyNb=0
Mcu.UserConstants=
Mcu.UserName=STM32H7S7L8HxH
MxCube.Version=6.11.0
MxDb.Version=DB.6.0.110
NVIC1.BusFault_IRQn=true\:0\:0\:false\:false\:true\:false\:false\:false
NVIC1.DebugMonitor_IRQn=true\:0\:0\:false\:false\:true\:false\:false\:false
NVIC1.ForceEnableDMAVector=true
NVIC1.HardFault_IRQn=true\:0\:0\:false\:false\:true\:false\:false\:false
NVIC1.MemoryManagement_IRQn=true\:0\:0\:false\:false\:true\:false\:false\:false
NVIC1.NonMaskableInt_IRQn=true\:0\:0\:false\:false\:true\:false\:false\:false
NVIC1.PendSV_IRQn=true\:0\:0\:false\:false\:true\:false\:false\:false
NVIC1.PriorityGroup=NVIC_PRIORITYGROUP_4
NVIC1.SVCall_IRQn=true\:0\:0\:false\:false\:true\:false\:false\:false
NVIC1.SysTick_IRQn=true\:15\:0\:false\:false\:true\:false\:true\:false
NVIC1.UsageFault_IRQn=true\:0\:0\:false\:false\:true\:false\:false\:false
NVIC2.ADF1_FLT0_IRQn=true\:0\:0\:false\:false\:true\:true\:true\:true
NVIC2.BusFault_IRQn=true\:0\:0\:false\:false\:true\:false\:false\:false
NVIC2.DebugMonitor_IRQn=true\:0\:0\:false\:false\:true\:false\:false\:false
NVIC2.ForceEnableDMAVector=true
NVIC2.GPDMA1_Channel4_IRQn=true\:0\:0\:false\:false\:true\:true\:true\:true
NVIC2.HardFault_IRQn=true\:0\:0\:false\:false\:true\:false\:false\:false
NVIC2.MemoryManagement_IRQn=true\:0\:0\:false\:false\:true\:false\:false\:false
NVIC2.NonMaskableInt_IRQn=true\:0\:0\:false\:false\:true\:false\:false\:false
NVIC2.PendSV_IRQn=true\:0\:0\:false\:false\:true\:false\:false\:false
NVIC2.PriorityGroup=NVIC_PRIORITYGROUP_4
NVIC2.SVCall_IRQn=true\:0\:0\:false\:false\:true\:false\:false\:false
NVIC2.SysTick_IRQn=true\:15\:0\:false\:false\:true\:false\:true\:false
NVIC2.UsageFault_IRQn=true\:0\:0\:false\:false\:true\:false\:false\:false
PD6.GPIOParameters=GPIO_Speed,PinAttribute
PD6.GPIO_Speed=GPIO_SPEED_FREQ_VERY_HIGH
PD6.Locked=true
PD6.Mode=MOD_ADF_CCK
PD6.PinAttribute=Appli
PD6.Signal=ADF1_SDI0
PE2.GPIOParameters=GPIO_Speed,PinAttribute
PE2.GPIO_Speed=GPIO_SPEED_FREQ_VERY_HIGH
PE2.Mode=MOD_MDF_CCK0
PE2.PinAttribute=Appli
PE2.Signal=ADF1_CCK0
PinOutPanel.CurrentBGAView=Top
PinOutPanel.RotationAngle=0
ProjectManager.AskForMigrate=true
ProjectManager.BackupPrevious=false
ProjectManager.CompilerOptimize=6
ProjectManager.ComputerToolchain=false
ProjectManager.CoupleFile=false
ProjectManager.DeletePrevious=true
ProjectManager.DeviceId=STM32H7S7L8HxH
ProjectManager.FreePins=false
ProjectManager.HalAssertFull=false
ProjectManager.HeapSize=App-0x200,Boot-0x200,ExtMemLoader-0x200
ProjectManager.KeepUserCode=true
ProjectManager.LastFirmware=true
ProjectManager.LibraryCopy=2
ProjectManager.MainLocation=Src
ProjectManager.NoMain=false
ProjectManager.PreviousToolchain=
ProjectManager.ProjectBuild=false
ProjectManager.ProjectFileName=ADF_AudioSoundDetector.ioc
ProjectManager.ProjectName=ADF_AudioSoundDetector
ProjectManager.ProjectStructure=Boot\:Boot Project\:false;App\:Appli Project\:true;ExtMemLoader\:ExtMemLoader Project\:false;
ProjectManager.RegisterCallBack=
ProjectManager.StackSize=App-0x400,Boot-0x400,ExtMemLoader-0x400
ProjectManager.TargetToolchain=EWARM V9.20
ProjectManager.ToolChainLocation=
ProjectManager.UAScriptAfterPath=
ProjectManager.UAScriptBeforePath=
ProjectManager.UnderRoot=false
ProjectManager.functionlistsort=1-SystemClock_Config-RCC-false-HAL-false-Boot,2-MX_GPDMA1_Init-GPDMA1-false-HAL-true-Boot,1-SystemClock_Config-RCC-false-HAL-false-Appli,2-MX_GPDMA1_Init-GPDMA1-false-HAL-true-Appli,3-MX_GPIO_Init-GPIO-false-HAL-true-Appli,4-MX_ADF1_Init-ADF1-false-HAL-true-Appli,0-MX_CORTEX_M7_BOOT_Init-CORTEX_M7_BOOT-false-HAL-true-Boot,0-MX_CORTEX_M7_APPLI_Init-CORTEX_M7_APPLI-false-HAL-true-Appli,1-SystemClock_Config-RCC-false-HAL-false-ExtMemLoader
RCC.ADCFreq_Value=128000000
RCC.ADFFreq_Value=49152000
RCC.AHB1234Freq_Value=300000000
RCC.AHB5ClockFreq_Value=300000000
RCC.APB1Freq_Value=150000000
RCC.APB2Freq_Value=150000000
RCC.APB4Freq_Value=150000000
RCC.APB5Freq_Value=150000000
RCC.AXIClockFreq_Value=300000000
RCC.Adf1ClockSelection=RCC_ADF1CLKSOURCE_PLL3P
RCC.BMPRE=RCC_HCLK_DIV2
RCC.CECFreq_Value=32768
RCC.CKPERFreq_Value=64000000
RCC.CPREFreq_Value=600000000
RCC.CortexFreq_Value=600000000
RCC.CpuClockFreq_Value=600000000
RCC.DIVM3=4
RCC.DIVN1=300
RCC.DIVN3=384
RCC.DIVP1=1
RCC.DIVP1Freq_Value=600000000
RCC.DIVP2Freq_Value=128000000
RCC.DIVP3=125
RCC.DIVP3Freq_Value=49152000
RCC.DIVQ1Freq_Value=300000000
RCC.DIVQ2Freq_Value=128000000
RCC.DIVQ3Freq_Value=3072000000
RCC.DIVR1Freq_Value=300000000
RCC.DIVR2Freq_Value=128000000
RCC.DIVR3Freq_Value=3072000000
RCC.DIVS1Freq_Value=300000000
RCC.DIVS2Freq_Value=128000000
RCC.DIVS3Freq_Value=3072000000
RCC.DIVT1Freq_Value=300000000
RCC.DIVT2Freq_Value=128000000
RCC.DIVT3Freq_Value=3072000000
RCC.DTSFreq_Value=32768
RCC.ETH1Freq_Value=24000000
RCC.ETHPHYFreq_Value=24000000
RCC.FDCANFreq_Value=24000000
RCC.FMCFreq_Value=300000000
RCC.FamilyName=M
RCC.HCLKFreq_Value=300000000
RCC.I2C1Freq_Value=150000000
RCC.I2C23Freq_Value=150000000
RCC.I2CI3C1Freq_Value=150000000
RCC.IPParameters=ADCFreq_Value,ADFFreq_Value,AHB1234Freq_Value,AHB5ClockFreq_Value,APB1Freq_Value,APB2Freq_Value,APB4Freq_Value,APB5Freq_Value,AXIClockFreq_Value,Adf1ClockSelection,BMPRE,CECFreq_Value,CKPERFreq_Value,CPREFreq_Value,CortexFreq_Value,CpuClockFreq_Value,DIVM3,DIVN1,DIVN3,DIVP1,DIVP1Freq_Value,DIVP2Freq_Value,DIVP3,DIVP3Freq_Value,DIVQ1Freq_Value,DIVQ2Freq_Value,DIVQ3Freq_Value,DIVR1Freq_Value,DIVR2Freq_Value,DIVR3Freq_Value,DIVS1Freq_Value,DIVS2Freq_Value,DIVS3Freq_Value,DIVT1Freq_Value,DIVT2Freq_Value,DIVT3Freq_Value,DTSFreq_Value,ETH1Freq_Value,ETHPHYFreq_Value,FDCANFreq_Value,FMCFreq_Value,FamilyName,HCLKFreq_Value,I2C1Freq_Value,I2C23Freq_Value,I2CI3C1Freq_Value,LPTIM1Freq_Value,LPTIM23Freq_Value,LPTIM45Freq_Value,LPUART1Freq_Value,LTDCFreq_Value,MCO1PinFreq_Value,MCO2PinFreq_Value,OSPI1Freq_Value,OSPI2Freq_Value,PPRE1,PPRE2,PPRE4,PPRE5,PSSIFreq_Value,RTCFreq_Value,SAI1Freq_Value,SAI2Freq_Value,SDMMCFreq_Value,SPDIFRXFreq_Value,SPI1Freq_Value,SPI23Freq_Value,SPI45Freq_Value,SPI6Freq_Value,SYSCLKFreq_VALUE,SYSCLKSource,TPIUFreq_Value,Tim1OutputFreq_Value,Tim2OutputFreq_Value,UCPDFreq_Value,USART1Freq_Value,USART234578Freq_Value,USBOFSFreq_Value,USBPHYFreq_Value,VCO1OutputFreq_Value,VCO2OutputFreq_Value,VCO3OutputFreq_Value,VCOInput1Freq_Value,VCOInput2Freq_Value,VCOInput3Freq_Value
RCC.LPTIM1Freq_Value=150000000
RCC.LPTIM23Freq_Value=150000000
RCC.LPTIM45Freq_Value=150000000
RCC.LPUART1Freq_Value=150000000
RCC.LTDCFreq_Value=3072000000
RCC.MCO1PinFreq_Value=64000000
RCC.MCO2PinFreq_Value=600000000
RCC.OSPI1Freq_Value=300000000
RCC.OSPI2Freq_Value=300000000
RCC.PPRE1=RCC_APB1_DIV2
RCC.PPRE2=RCC_APB2_DIV2
RCC.PPRE4=RCC_APB4_DIV2
RCC.PPRE5=RCC_APB5_DIV2
RCC.PSSIFreq_Value=3072000000
RCC.RTCFreq_Value=32000
RCC.SAI1Freq_Value=300000000
RCC.SAI2Freq_Value=300000000
RCC.SDMMCFreq_Value=128000000
RCC.SPDIFRXFreq_Value=300000000
RCC.SPI1Freq_Value=300000000
RCC.SPI23Freq_Value=300000000
RCC.SPI45Freq_Value=150000000
RCC.SPI6Freq_Value=150000000
RCC.SYSCLKFreq_VALUE=600000000
RCC.SYSCLKSource=RCC_SYSCLKSOURCE_PLLCLK
RCC.TPIUFreq_Value=200000000
RCC.Tim1OutputFreq_Value=300000000
RCC.Tim2OutputFreq_Value=300000000
RCC.UCPDFreq_Value=16000000
RCC.USART1Freq_Value=150000000
RCC.USART234578Freq_Value=150000000
RCC.USBOFSFreq_Value=48000000
RCC.USBPHYFreq_Value=24000000
RCC.VCO1OutputFreq_Value=600000000
RCC.VCO2OutputFreq_Value=256000000
RCC.VCO3OutputFreq_Value=6144000000
RCC.VCOInput1Freq_Value=2000000
RCC.VCOInput2Freq_Value=2000000
RCC.VCOInput3Freq_Value=16000000
VP_GPDMA1_VS_GPDMACH4.Mode=SIMPLEREQUEST_GPDMACH4
VP_GPDMA1_VS_GPDMACH4.Signal=GPDMA1_VS_GPDMACH4
board=custom
ProjectManager.Example=ADF_AudioSoundDetector
ProjectManager.ExampleSource=CubeFw
