#MicroXplorer Configuration settings - do not modify
Appli.IPs=GPDMA1\:I,HPDMA1\:I,LINKEDLIST\:I,GPIO,NVIC2\:I,RCC,CORTEX_M7_APPLI\:I
Boot.IPs=GPDMA1,HPDMA1,LINKEDLIST,RCC\:I,GPIO,NVIC1\:I,CORTEX_M7_BOOT\:I,XSPI2,SYS\:I,SBS,EXTMEM_MANAGER\:I,UART4,XSPI1
CAD.formats=
CAD.pinconfig=
CAD.provider=
CORTEX_M7_APPLI.CPU_DCache=Enabled
CORTEX_M7_APPLI.CPU_ICache=Enabled
CORTEX_M7_APPLI.IPParameters=CPU_ICache,CPU_DCache
CORTEX_M7_BOOT.AccessPermission_S-Cortex_Memory_Protection_Unit_Region1_Settings_S=MPU_REGION_FULL_ACCESS
CORTEX_M7_BOOT.AccessPermission_S-Cortex_Memory_Protection_Unit_Region2_Settings_S=MPU_REGION_FULL_ACCESS
CORTEX_M7_BOOT.AccessPermission_Spec=MPU_REGION_NO_ACCESS
CORTEX_M7_BOOT.BaseAddress_S-Cortex_Memory_Protection_Unit_Region1_Settings_S=0x90000000
CORTEX_M7_BOOT.BaseAddress_S-Cortex_Memory_Protection_Unit_Region2_Settings_S=0x70000000
CORTEX_M7_BOOT.CPU_DCache=Enabled
CORTEX_M7_BOOT.CPU_ICache=Enabled
CORTEX_M7_BOOT.DisableExec_S-Cortex_Memory_Protection_Unit_Region1_Settings_S=MPU_INSTRUCTION_ACCESS_DISABLE
CORTEX_M7_BOOT.DisableExec_S-Cortex_Memory_Protection_Unit_Region2_Settings_S=MPU_INSTRUCTION_ACCESS_ENABLE
CORTEX_M7_BOOT.Enable_S-Cortex_Memory_Protection_Unit_Region1_Settings_S=MPU_REGION_ENABLE
CORTEX_M7_BOOT.Enable_S-Cortex_Memory_Protection_Unit_Region2_Settings_S=MPU_REGION_ENABLE
CORTEX_M7_BOOT.Enable_S-Cortex_Memory_Protection_Unit_Region3_Settings_S=__NULL
CORTEX_M7_BOOT.Enable_S-Cortex_Memory_Protection_Unit_Region4_Settings_S=__NULL
CORTEX_M7_BOOT.Enable_S-Cortex_Memory_Protection_Unit_Region5_Settings_S=__NULL
CORTEX_M7_BOOT.IPParameters=default_mode_Activation,CPU_ICache,CPU_DCache,IsCacheable_Spec,IsBufferable_Spec,Enable_S-Cortex_Memory_Protection_Unit_Region1_Settings_S,BaseAddress_S-Cortex_Memory_Protection_Unit_Region1_Settings_S,Size_S-Cortex_Memory_Protection_Unit_Region1_Settings_S,TypeExtField_S-Cortex_Memory_Protection_Unit_Region1_Settings_S,DisableExec_S-Cortex_Memory_Protection_Unit_Region1_Settings_S,IsShareable_S-Cortex_Memory_Protection_Unit_Region1_Settings_S,IsCacheable_S-Cortex_Memory_Protection_Unit_Region1_Settings_S,IsBufferable_S-Cortex_Memory_Protection_Unit_Region1_Settings_S,Enable_S-Cortex_Memory_Protection_Unit_Region2_Settings_S,Enable_S-Cortex_Memory_Protection_Unit_Region3_Settings_S,Enable_S-Cortex_Memory_Protection_Unit_Region4_Settings_S,BaseAddress_S-Cortex_Memory_Protection_Unit_Region2_Settings_S,Size_S-Cortex_Memory_Protection_Unit_Region2_Settings_S,DisableExec_S-Cortex_Memory_Protection_Unit_Region2_Settings_S,TypeExtField_S-Cortex_Memory_Protection_Unit_Region2_Settings_S,AccessPermission_S-Cortex_Memory_Protection_Unit_Region2_Settings_S,AccessPermission_S-Cortex_Memory_Protection_Unit_Region1_Settings_S,AccessPermission_Spec,Enable_S-Cortex_Memory_Protection_Unit_Region5_Settings_S,IsShareable_Spec,IsShareable_S-Cortex_Memory_Protection_Unit_Region2_Settings_S,IsCacheable_S-Cortex_Memory_Protection_Unit_Region2_Settings_S,IsBufferable_S-Cortex_Memory_Protection_Unit_Region2_Settings_S
CORTEX_M7_BOOT.IsBufferable_S-Cortex_Memory_Protection_Unit_Region1_Settings_S=MPU_ACCESS_BUFFERABLE
CORTEX_M7_BOOT.IsBufferable_S-Cortex_Memory_Protection_Unit_Region2_Settings_S=MPU_ACCESS_BUFFERABLE
CORTEX_M7_BOOT.IsBufferable_Spec=MPU_ACCESS_NOT_BUFFERABLE
CORTEX_M7_BOOT.IsCacheable_S-Cortex_Memory_Protection_Unit_Region1_Settings_S=MPU_ACCESS_CACHEABLE
CORTEX_M7_BOOT.IsCacheable_S-Cortex_Memory_Protection_Unit_Region2_Settings_S=MPU_ACCESS_CACHEABLE
CORTEX_M7_BOOT.IsCacheable_Spec=MPU_ACCESS_NOT_CACHEABLE
CORTEX_M7_BOOT.IsShareable_S-Cortex_Memory_Protection_Unit_Region1_Settings_S=MPU_ACCESS_SHAREABLE
CORTEX_M7_BOOT.IsShareable_S-Cortex_Memory_Protection_Unit_Region2_Settings_S=MPU_ACCESS_SHAREABLE
CORTEX_M7_BOOT.IsShareable_Spec=MPU_ACCESS_NOT_SHAREABLE
CORTEX_M7_BOOT.Size_S-Cortex_Memory_Protection_Unit_Region1_Settings_S=MPU_REGION_SIZE_32MB
CORTEX_M7_BOOT.Size_S-Cortex_Memory_Protection_Unit_Region2_Settings_S=MPU_REGION_SIZE_128MB
CORTEX_M7_BOOT.TypeExtField_S-Cortex_Memory_Protection_Unit_Region1_Settings_S=MPU_TEX_LEVEL1
CORTEX_M7_BOOT.TypeExtField_S-Cortex_Memory_Protection_Unit_Region2_Settings_S=MPU_TEX_LEVEL1
CORTEX_M7_BOOT.default_mode_Activation=1
EXTMEM_LOADER.IPParameters=RefParam_SECTORS_NBR,RefParam_SECTORS_SIZE,RefParam_Loader_Name,RefParam_ELOADER_memory,RefParam_PAGE_SIZE,RefParam_ELOADER_Target
EXTMEM_LOADER.RefParam_ELOADER_Target=PROGRAMMER
EXTMEM_LOADER.RefParam_ELOADER_memory=EXTMEM1
EXTMEM_LOADER.RefParam_Loader_Name=EXTMEMLOADER_STM32H7S78-DK
EXTMEM_LOADER.RefParam_PAGE_SIZE=0x1000
EXTMEM_LOADER.RefParam_SECTORS_NBR=2048
EXTMEM_LOADER.RefParam_SECTORS_SIZE=0x10000
EXTMEM_MANAGER.IPParameters=RefParam_EXTMEM_Number_of_Memory,RefParam_EXTMEM_SAL_XSPI,RefParam_EXTMEM_SFDP,RefParam_EXTMEM_PSRAM,RefParam_BOOT_enable,RefParam_MEMORY_1_Instance,RefParam_MEMORY_1_ConfigType,RefParam_MEMORY_2_ConfigType,RefParam_MEMORY_2_Driver_Selection,RefParam_MEMORY_2_NumberOfConfig,RefParam_MEMORY_2_Size,RefParam_XIP_memory,RefParam_BOOT_selection
EXTMEM_MANAGER.RefParam_BOOT_enable=true
EXTMEM_MANAGER.RefParam_BOOT_selection=XIP
EXTMEM_MANAGER.RefParam_EXTMEM_Number_of_Memory=2
EXTMEM_MANAGER.RefParam_EXTMEM_PSRAM=true
EXTMEM_MANAGER.RefParam_EXTMEM_SAL_XSPI=true
EXTMEM_MANAGER.RefParam_EXTMEM_SFDP=true
EXTMEM_MANAGER.RefParam_MEMORY_1_ConfigType=EXTMEM_LINK_CONFIG_8LINES
EXTMEM_MANAGER.RefParam_MEMORY_1_Instance=XSPI2
EXTMEM_MANAGER.RefParam_MEMORY_2_ConfigType=EXTMEM_LINK_CONFIG_16LINES
EXTMEM_MANAGER.RefParam_MEMORY_2_Driver_Selection=EXTMEM_PSRAM
EXTMEM_MANAGER.RefParam_MEMORY_2_NumberOfConfig=1
EXTMEM_MANAGER.RefParam_MEMORY_2_Size=HAL_XSPI_SIZE_32MB
EXTMEM_MANAGER.RefParam_XIP_memory=EXTMEM1
ExtMemLoader.IPs=EXTMEM_LOADER\:I,EXTMEM_MANAGER,GPIO\:I,XSPI2,SBS
File.Version=6
GPIO.groupedBy=Group By Peripherals
KeepUserPlacement=false
Mcu.CPN=STM32H7S7L8H6H
Mcu.Context0=Boot
Mcu.Context1=Appli
Mcu.Context2=ExtMemLoader
Mcu.ContextNb=3
Mcu.Family=STM32H7
Mcu.IP0=CORTEX_M7_APPLI
Mcu.IP1=CORTEX_M7_BOOT
Mcu.IP10=XSPI2
Mcu.IP2=EXTMEM_LOADER
Mcu.IP3=EXTMEM_MANAGER
Mcu.IP4=NVIC2
Mcu.IP5=NVIC1
Mcu.IP6=RCC
Mcu.IP7=SBS
Mcu.IP8=SYS
Mcu.IP9=XSPI1
Mcu.IPNb=11
Mcu.Name=STM32H7S7L8HxH
Mcu.Package=TFBGA225 HEXA SMPS
Mcu.Pin0=PN1
Mcu.Pin1=PN3
Mcu.Pin10=PN5
Mcu.Pin11=PO3
Mcu.Pin12=PP10
Mcu.Pin13=PP12
Mcu.Pin14=PP14
Mcu.Pin15=PP2
Mcu.Pin16=PP5
Mcu.Pin17=PO2
Mcu.Pin18=PP1
Mcu.Pin19=PP11
Mcu.Pin2=PN0
Mcu.Pin20=PP15
Mcu.Pin21=PP3
Mcu.Pin22=PP0
Mcu.Pin23=PP7
Mcu.Pin24=PP8
Mcu.Pin25=PP13
Mcu.Pin26=PP4
Mcu.Pin27=PO4
Mcu.Pin28=PP6
Mcu.Pin29=PO0
Mcu.Pin3=PN11
Mcu.Pin30=PP9
Mcu.Pin31=VP_EXTMEM_LOADER_SIG_Activate_EXTMEM_LOADER
Mcu.Pin32=VP_EXTMEM_MANAGER_SIG_Activate_EXTMEM
Mcu.Pin33=VP_SBS_VS-SBS
Mcu.Pin34=VP_SYS_VS_Systick
Mcu.Pin35=VP_XSPI1_VS_hexa
Mcu.Pin36=VP_XSPI2_VS_octo
Mcu.Pin4=PN10
Mcu.Pin5=PN9
Mcu.Pin6=PN2
Mcu.Pin7=PN6
Mcu.Pin8=PN8
Mcu.Pin9=PN4
Mcu.PinsNb=37
Mcu.ThirdPartyNb=0
Mcu.UserConstants=
Mcu.UserName=STM32H7S7L8HxH
MxCube.Version=6.11.0
MxDb.Version=DB.6.0.110
NVIC1.BusFault_IRQn=true\:0\:0\:false\:false\:true\:false\:false\:false
NVIC1.DebugMonitor_IRQn=true\:0\:0\:false\:false\:true\:false\:false\:false
NVIC1.ForceEnableDMAVector=true
NVIC1.HardFault_IRQn=true\:0\:0\:false\:false\:true\:false\:false\:false
NVIC1.MemoryManagement_IRQn=true\:0\:0\:false\:false\:true\:false\:false\:false
NVIC1.NonMaskableInt_IRQn=true\:0\:0\:false\:false\:true\:false\:false\:false
NVIC1.PendSV_IRQn=true\:0\:0\:false\:false\:true\:false\:false\:false
NVIC1.PriorityGroup=NVIC_PRIORITYGROUP_4
NVIC1.SVCall_IRQn=true\:0\:0\:false\:false\:true\:false\:false\:false
NVIC1.SysTick_IRQn=true\:15\:0\:false\:false\:true\:false\:true\:false
NVIC1.UsageFault_IRQn=true\:0\:0\:false\:false\:true\:false\:false\:false
NVIC2.BusFault_IRQn=true\:0\:0\:false\:false\:true\:false\:false\:false
NVIC2.DebugMonitor_IRQn=true\:0\:0\:false\:false\:true\:false\:false\:false
NVIC2.ForceEnableDMAVector=true
NVIC2.HardFault_IRQn=true\:0\:0\:false\:false\:true\:false\:false\:false
NVIC2.MemoryManagement_IRQn=true\:0\:0\:false\:false\:true\:false\:false\:false
NVIC2.NonMaskableInt_IRQn=true\:0\:0\:false\:false\:true\:false\:false\:false
NVIC2.PendSV_IRQn=true\:0\:0\:false\:false\:true\:false\:false\:false
NVIC2.PriorityGroup=NVIC_PRIORITYGROUP_4
NVIC2.SVCall_IRQn=true\:0\:0\:false\:false\:true\:false\:false\:false
NVIC2.SysTick_IRQn=true\:15\:0\:false\:false\:true\:false\:true\:false
NVIC2.UsageFault_IRQn=true\:0\:0\:false\:false\:true\:false\:false\:false
PN0.GPIOParameters=PinAttribute
PN0.Mode=XSPI2_Port2Octo
PN0.PinAttribute=Boot,ExtMemLoader
PN0.Signal=XSPIM_P2_DQS0
PN1.GPIOParameters=PinAttribute
PN1.Mode=XSPI2_NCS1_Port2
PN1.PinAttribute=Boot,ExtMemLoader
PN1.Signal=XSPIM_P2_NCS1
PN10.GPIOParameters=PinAttribute
PN10.Mode=XSPI2_Port2Octo
PN10.PinAttribute=Boot,ExtMemLoader
PN10.Signal=XSPIM_P2_IO6
PN11.GPIOParameters=PinAttribute
PN11.Mode=XSPI2_Port2Octo
PN11.PinAttribute=Boot,ExtMemLoader
PN11.Signal=XSPIM_P2_IO7
PN2.GPIOParameters=PinAttribute
PN2.Mode=XSPI2_Port2Octo
PN2.PinAttribute=Boot,ExtMemLoader
PN2.Signal=XSPIM_P2_IO0
PN3.GPIOParameters=PinAttribute
PN3.Mode=XSPI2_Port2Octo
PN3.PinAttribute=Boot,ExtMemLoader
PN3.Signal=XSPIM_P2_IO1
PN4.GPIOParameters=PinAttribute
PN4.Mode=XSPI2_Port2Octo
PN4.PinAttribute=Boot,ExtMemLoader
PN4.Signal=XSPIM_P2_IO2
PN5.GPIOParameters=PinAttribute
PN5.Mode=XSPI2_Port2Octo
PN5.PinAttribute=Boot,ExtMemLoader
PN5.Signal=XSPIM_P2_IO3
PN6.GPIOParameters=PinAttribute
PN6.Mode=XSPI2_Port2Octo
PN6.PinAttribute=Boot,ExtMemLoader
PN6.Signal=XSPIM_P2_CLK
PN8.GPIOParameters=PinAttribute
PN8.Mode=XSPI2_Port2Octo
PN8.PinAttribute=Boot,ExtMemLoader
PN8.Signal=XSPIM_P2_IO4
PN9.GPIOParameters=PinAttribute
PN9.Mode=XSPI2_Port2Octo
PN9.PinAttribute=Boot,ExtMemLoader
PN9.Signal=XSPIM_P2_IO5
PO0.GPIOParameters=PinAttribute
PO0.Mode=XSPI1_NCS1_Port1
PO0.PinAttribute=Boot
PO0.Signal=XSPIM_P1_NCS1
PO2.GPIOParameters=PinAttribute
PO2.Mode=XSPI1_Port1Hexa
PO2.PinAttribute=Boot
PO2.Signal=XSPIM_P1_DQS0
PO3.GPIOParameters=PinAttribute
PO3.Mode=XSPI1_Port1Hexa
PO3.PinAttribute=Boot
PO3.Signal=XSPIM_P1_DQS1
PO4.GPIOParameters=PinAttribute
PO4.Mode=XSPI1_Port1Hexa
PO4.PinAttribute=Boot
PO4.Signal=XSPIM_P1_CLK
PP0.GPIOParameters=PinAttribute
PP0.Mode=XSPI1_Port1Hexa
PP0.PinAttribute=Boot
PP0.Signal=XSPIM_P1_IO0
PP1.GPIOParameters=PinAttribute
PP1.Mode=XSPI1_Port1Hexa
PP1.PinAttribute=Boot
PP1.Signal=XSPIM_P1_IO1
PP10.GPIOParameters=PinAttribute
PP10.Mode=XSPI1_Port1Hexa
PP10.PinAttribute=Boot
PP10.Signal=XSPIM_P1_IO10
PP11.GPIOParameters=PinAttribute
PP11.Mode=XSPI1_Port1Hexa
PP11.PinAttribute=Boot
PP11.Signal=XSPIM_P1_IO11
PP12.GPIOParameters=PinAttribute
PP12.Mode=XSPI1_Port1Hexa
PP12.PinAttribute=Boot
PP12.Signal=XSPIM_P1_IO12
PP13.GPIOParameters=PinAttribute
PP13.Mode=XSPI1_Port1Hexa
PP13.PinAttribute=Boot
PP13.Signal=XSPIM_P1_IO13
PP14.GPIOParameters=PinAttribute
PP14.Mode=XSPI1_Port1Hexa
PP14.PinAttribute=Boot
PP14.Signal=XSPIM_P1_IO14
PP15.GPIOParameters=PinAttribute
PP15.Mode=XSPI1_Port1Hexa
PP15.PinAttribute=Boot
PP15.Signal=XSPIM_P1_IO15
PP2.GPIOParameters=PinAttribute
PP2.Mode=XSPI1_Port1Hexa
PP2.PinAttribute=Boot
PP2.Signal=XSPIM_P1_IO2
PP3.GPIOParameters=PinAttribute
PP3.Mode=XSPI1_Port1Hexa
PP3.PinAttribute=Boot
PP3.Signal=XSPIM_P1_IO3
PP4.GPIOParameters=PinAttribute
PP4.Mode=XSPI1_Port1Hexa
PP4.PinAttribute=Boot
PP4.Signal=XSPIM_P1_IO4
PP5.GPIOParameters=PinAttribute
PP5.Mode=XSPI1_Port1Hexa
PP5.PinAttribute=Boot
PP5.Signal=XSPIM_P1_IO5
PP6.GPIOParameters=PinAttribute
PP6.Mode=XSPI1_Port1Hexa
PP6.PinAttribute=Boot
PP6.Signal=XSPIM_P1_IO6
PP7.GPIOParameters=PinAttribute
PP7.Mode=XSPI1_Port1Hexa
PP7.PinAttribute=Boot
PP7.Signal=XSPIM_P1_IO7
PP8.GPIOParameters=PinAttribute
PP8.Mode=XSPI1_Port1Hexa
PP8.PinAttribute=Boot
PP8.Signal=XSPIM_P1_IO8
PP9.GPIOParameters=PinAttribute
PP9.Mode=XSPI1_Port1Hexa
PP9.PinAttribute=Boot
PP9.Signal=XSPIM_P1_IO9
PinOutPanel.CurrentBGAView=Top
PinOutPanel.RotationAngle=0
ProjectManager.AskForMigrate=true
ProjectManager.BackupPrevious=false
ProjectManager.CompilerOptimize=6
ProjectManager.ComputerToolchain=false
ProjectManager.CoupleFile=false
ProjectManager.DeletePrevious=true
ProjectManager.DeviceId=STM32H7S7L8HxH
ProjectManager.Example=Template_XIP
ProjectManager.ExampleSource=CubeFw
ProjectManager.FreePins=false
ProjectManager.HalAssertFull=false
ProjectManager.HeapSize=App-0x200,ExtMemLoader-0x8,Boot-0x200
ProjectManager.KeepUserCode=true
ProjectManager.LastFirmware=true
ProjectManager.LibraryCopy=2
ProjectManager.MainLocation=Src
ProjectManager.NoMain=false
ProjectManager.PreviousToolchain=
ProjectManager.ProjectBuild=false
ProjectManager.ProjectFileName=Template_XIP.ioc
ProjectManager.ProjectName=Template_XIP
ProjectManager.ProjectStructure=Boot\:Boot Project\:true;App\:Appli Project\:true;ExtMemLoader\:ExtMemLoader Project\:true;
ProjectManager.RegisterCallBack=
ProjectManager.StackSize=App-0x400,ExtMemLoader-0x400,Boot-0x400
ProjectManager.TargetToolchain=EWARM V9.20
ProjectManager.ToolChainLocation=
ProjectManager.UAScriptAfterPath=
ProjectManager.UAScriptBeforePath=
ProjectManager.UnderRoot=false
ProjectManager.functionlistsort=1-SystemClock_Config-RCC-false-HAL-false-Boot,2-MX_GPIO_Init-GPIO-false-HAL-true-Boot,false-3-MX_SBS_Init-SBS-false-HAL-true-Boot,4-MX_XSPI2_Init-XSPI2-false-HAL-true-Boot,5-MX_XSPI1_Init-XSPI1-false-HAL-true-Boot,6-MX_EXTMEM_MANAGER_Init-EXTMEM_MANAGER-false-HAL-false-Boot,1-SystemClock_Config-RCC-false-HAL-false-Appli,0-MX_CORTEX_M7_BOOT_Init-CORTEX_M7_BOOT-false-HAL-true-Boot,0-MX_CORTEX_M7_APPLI_Init-CORTEX_M7_APPLI-false-HAL-true-Appli,1-SystemClock_Config-RCC-false-HAL-false-ExtMemLoader,2-MX_GPIO_Init-GPIO-false-HAL-true-ExtMemLoader,3-MX_XSPI2_Init-XSPI2-false-HAL-true-ExtMemLoader,4-MX_EXTMEM_LOADER_Init-EXTMEM_LOADER-false-HAL-false-ExtMemLoader,5-MX_SBS_Init-SBS-false-HAL-true-ExtMemLoader,6-MX_EXTMEM_MANAGER_Init-EXTMEM_MANAGER-false-HAL-false-ExtMemLoader
RCC.ADCFreq_Value=200000000
RCC.ADFFreq_Value=300000000
RCC.AHB1234Freq_Value=300000000
RCC.AHB5ClockFreq_Value=300000000
RCC.APB1Freq_Value=150000000
RCC.APB2Freq_Value=150000000
RCC.APB4Freq_Value=150000000
RCC.APB5Freq_Value=150000000
RCC.AXIClockFreq_Value=300000000
RCC.BMPRE=RCC_HCLK_DIV2
RCC.CECFreq_Value=32768
RCC.CKPERFreq_Value=64000000
RCC.CPREFreq_Value=600000000
RCC.CortexFreq_Value=600000000
RCC.CpuClockFreq_Value=600000000
RCC.DIVM2=4
RCC.DIVN1=300
RCC.DIVN2=25
RCC.DIVP1=1
RCC.DIVP1Freq_Value=600000000
RCC.DIVP2Freq_Value=200000000
RCC.DIVP3Freq_Value=128000000
RCC.DIVQ1Freq_Value=300000000
RCC.DIVQ2Freq_Value=200000000
RCC.DIVQ3Freq_Value=128000000
RCC.DIVR1Freq_Value=300000000
RCC.DIVR2Freq_Value=200000000
RCC.DIVR3Freq_Value=128000000
RCC.DIVS1Freq_Value=300000000
RCC.DIVS2Freq_Value=200000000
RCC.DIVS3Freq_Value=128000000
RCC.DIVT1Freq_Value=300000000
RCC.DIVT2Freq_Value=200000000
RCC.DIVT3Freq_Value=128000000
RCC.DTSFreq_Value=32768
RCC.ETH1Freq_Value=24000000
RCC.ETHPHYFreq_Value=24000000
RCC.FDCANFreq_Value=24000000
RCC.FMCFreq_Value=300000000
RCC.FamilyName=M
RCC.HCLKFreq_Value=300000000
RCC.I2C1Freq_Value=150000000
RCC.I2C23Freq_Value=150000000
RCC.I2CI3C1Freq_Value=150000000
RCC.IPParameters=ADCFreq_Value,ADFFreq_Value,AHB1234Freq_Value,AHB5ClockFreq_Value,APB1Freq_Value,APB2Freq_Value,APB4Freq_Value,APB5Freq_Value,AXIClockFreq_Value,BMPRE,CECFreq_Value,CKPERFreq_Value,CPREFreq_Value,CortexFreq_Value,CpuClockFreq_Value,DIVM2,DIVN1,DIVN2,DIVP1,DIVP1Freq_Value,DIVP2Freq_Value,DIVP3Freq_Value,DIVQ1Freq_Value,DIVQ2Freq_Value,DIVQ3Freq_Value,DIVR1Freq_Value,DIVR2Freq_Value,DIVR3Freq_Value,DIVS1Freq_Value,DIVS2Freq_Value,DIVS3Freq_Value,DIVT1Freq_Value,DIVT2Freq_Value,DIVT3Freq_Value,DTSFreq_Value,ETH1Freq_Value,ETHPHYFreq_Value,FDCANFreq_Value,FMCFreq_Value,FamilyName,HCLKFreq_Value,I2C1Freq_Value,I2C23Freq_Value,I2CI3C1Freq_Value,LPTIM1Freq_Value,LPTIM23Freq_Value,LPTIM45Freq_Value,LPUART1Freq_Value,LTDCFreq_Value,MCO1PinFreq_Value,MCO2PinFreq_Value,OSPI1Freq_Value,OSPI2Freq_Value,PLL2FRACN,PLL3FRACN,PLLFRACN,PPRE1,PPRE2,PPRE4,PPRE5,PSSIFreq_Value,RTCFreq_Value,SAI1Freq_Value,SAI2Freq_Value,SDMMCFreq_Value,SPDIFRXFreq_Value,SPI1Freq_Value,SPI23Freq_Value,SPI45Freq_Value,SPI6Freq_Value,SYSCLKFreq_VALUE,SYSCLKSource,TPIUFreq_Value,Tim1OutputFreq_Value,Tim2OutputFreq_Value,UCPDFreq_Value,USART1Freq_Value,USART234578Freq_Value,USBOFSFreq_Value,USBPHYFreq_Value,VCO1OutputFreq_Value,VCO2OutputFreq_Value,VCO3OutputFreq_Value,VCOInput1Freq_Value,VCOInput2Freq_Value,VCOInput3Freq_Value,Xspi1ClockSelection,Xspi2ClockSelection
RCC.LPTIM1Freq_Value=150000000
RCC.LPTIM23Freq_Value=150000000
RCC.LPTIM45Freq_Value=150000000
RCC.LPUART1Freq_Value=150000000
RCC.LTDCFreq_Value=128000000
RCC.MCO1PinFreq_Value=64000000
RCC.MCO2PinFreq_Value=600000000
RCC.OSPI1Freq_Value=200000000
RCC.OSPI2Freq_Value=200000000
RCC.PLL2FRACN=0
RCC.PLL3FRACN=0
RCC.PLLFRACN=0
RCC.PPRE1=RCC_APB1_DIV2
RCC.PPRE2=RCC_APB2_DIV2
RCC.PPRE4=RCC_APB4_DIV2
RCC.PPRE5=RCC_APB5_DIV2
RCC.PSSIFreq_Value=128000000
RCC.RTCFreq_Value=32000
RCC.SAI1Freq_Value=300000000
RCC.SAI2Freq_Value=300000000
RCC.SDMMCFreq_Value=200000000
RCC.SPDIFRXFreq_Value=300000000
RCC.SPI1Freq_Value=300000000
RCC.SPI23Freq_Value=300000000
RCC.SPI45Freq_Value=150000000
RCC.SPI6Freq_Value=150000000
RCC.SYSCLKFreq_VALUE=600000000
RCC.SYSCLKSource=RCC_SYSCLKSOURCE_PLLCLK
RCC.TPIUFreq_Value=200000000
RCC.Tim1OutputFreq_Value=300000000
RCC.Tim2OutputFreq_Value=300000000
RCC.UCPDFreq_Value=16000000
RCC.USART1Freq_Value=150000000
RCC.USART234578Freq_Value=150000000
RCC.USBOFSFreq_Value=48000000
RCC.USBPHYFreq_Value=24000000
RCC.VCO1OutputFreq_Value=600000000
RCC.VCO2OutputFreq_Value=400000000
RCC.VCO3OutputFreq_Value=256000000
RCC.VCOInput1Freq_Value=2000000
RCC.VCOInput2Freq_Value=16000000
RCC.VCOInput3Freq_Value=2000000
RCC.Xspi1ClockSelection=RCC_XSPI1CLKSOURCE_PLL2S
RCC.Xspi2ClockSelection=RCC_XSPI2CLKSOURCE_PLL2S
SBS.IPParameters=XSPIM1,XSPIM2
SBS.XSPIM1=Enable
SBS.XSPIM2=Enable
VP_EXTMEM_LOADER_SIG_Activate_EXTMEM_LOADER.Mode=Activate_EXTMEM_LOADER
VP_EXTMEM_LOADER_SIG_Activate_EXTMEM_LOADER.Signal=EXTMEM_LOADER_SIG_Activate_EXTMEM_LOADER
VP_EXTMEM_MANAGER_SIG_Activate_EXTMEM.Mode=Activate_EXTMEM
VP_EXTMEM_MANAGER_SIG_Activate_EXTMEM.Signal=EXTMEM_MANAGER_SIG_Activate_EXTMEM
VP_SBS_VS-SBS.Mode=SBS
VP_SBS_VS-SBS.Signal=SBS_VS-SBS
VP_SYS_VS_Systick.Mode=SysTick
VP_SYS_VS_Systick.Signal=SYS_VS_Systick
VP_XSPI1_VS_hexa.Mode=hexa_mode
VP_XSPI1_VS_hexa.Signal=XSPI1_VS_hexa
VP_XSPI2_VS_octo.Mode=octo_mode
VP_XSPI2_VS_octo.Signal=XSPI2_VS_octo
XSPI1.ChipSelectBoundary=HAL_XSPI_BONDARYOF_8KB
XSPI1.DelayHoldQuarterCycle=HAL_XSPI_DHQC_ENABLE
XSPI1.FifoThresholdByte=2
XSPI1.IPParameters=FifoThresholdByte,MemoryType,MemorySize,WrapSize,DelayHoldQuarterCycle,ChipSelectBoundary
XSPI1.MemorySize=HAL_XSPI_SIZE_32GB
XSPI1.MemoryType=HAL_XSPI_MEMTYPE_APMEM_16BITS
XSPI1.WrapSize=HAL_XSPI_WRAP_NOT_SUPPORTED
XSPI2.ChipSelectHighTimeCycle=2
XSPI2.DelayHoldQuarterCycle=HAL_XSPI_DHQC_ENABLE
XSPI2.FifoThresholdByte=4
XSPI2.IPParameters=FifoThresholdByte,MemoryType,MemorySize,ChipSelectHighTimeCycle,DelayHoldQuarterCycle
XSPI2.MemorySize=HAL_XSPI_SIZE_32GB
XSPI2.MemoryType=HAL_XSPI_MEMTYPE_MACRONIX
board=custom
